{
  "name": "topina",
  "version": "0.0.1",
  "lockfileVersion": 3,
  "requires": true,
  "packages": {
    "": {
      "name": "topina",
      "version": "0.0.1",
      "dependencies": {
        "tractive": "github:FAXES/tractive"
      }
    },
    "node_modules/tractive": {
      "version": "1.2.1",
      "resolved": "git+ssh://git@github.com/FAXES/tractive.git#c78b663bb684acc1832d69a7a11e6b3fd778352f",
      "license": "ISC"
    }
  }
}
